// !$*UTF8*$!
{
	archiveVersion = 1;
	classes = {
	};
	objectVersion = 56;
	objects = {

/* Begin PBXBuildFile section */
		026835FAB9817B9A8B6C4A62 /* Pretendard-Bold.otf in Resources */ = {isa = PBXBuildFile; fileRef = D16E90787273ADA4C2AFE860 /* Pretendard-Bold.otf */; };
		03FDCDB4659965BD7E829608 /* Pretendard-SemiBold.otf in Resources */ = {isa = PBXBuildFile; fileRef = 7BA7466DF2E1792B09EFCF47 /* Pretendard-SemiBold.otf */; };
		07BC34414492171753BCC4E1 /* TuistBundle+UMC8.swift in Sources */ = {isa = PBXBuildFile; fileRef = A7D00782BBC6F12AE3F1040A /* TuistBundle+UMC8.swift */; };
		1D9227B7A8C9FDED8BB1234F /* UMC8App.swift in Sources */ = {isa = PBXBuildFile; fileRef = C0767E9DE92EB64ADC3E3BB3 /* UMC8App.swift */; };
		27DC8F7023D2669BDEEEEF7F /* Color 2.xcassets in Resources */ = {isa = PBXBuildFile; fileRef = F770DAC1103416B1417C91AF /* Color 2.xcassets */; };
		436091986A5A4A95FE94D22E /* Pretendard-Black.otf in Resources */ = {isa = PBXBuildFile; fileRef = 6934C499E69592A9D6DAC02C /* Pretendard-Black.otf */; };
		485B2C1B2DC785F000D4D091 /* OrderDrinkModel.swift in Sources */ = {isa = PBXBuildFile; fileRef = 485B2C182DC785F000D4D091 /* OrderDrinkModel.swift */; };
		485B2C1C2DC785F000D4D091 /* StoreModel.swift in Sources */ = {isa = PBXBuildFile; fileRef = 485B2C192DC785F000D4D091 /* StoreModel.swift */; };
		485B2C222DC7870B00D4D091 /* OrderMenuModel.swift in Sources */ = {isa = PBXBuildFile; fileRef = 485B2C1F2DC7870B00D4D091 /* OrderMenuModel.swift */; };
		485B2C232DC7870B00D4D091 /* HomeModel.swift in Sources */ = {isa = PBXBuildFile; fileRef = 485B2C1D2DC7870B00D4D091 /* HomeModel.swift */; };
		485B2C262DC7870B00D4D091 /* OtherReceiptModel.swift in Sources */ = {isa = PBXBuildFile; fileRef = 485B2C202DC7870B00D4D091 /* OtherReceiptModel.swift */; };
		485B2C282DC7872A00D4D091 /* LoginModel.swift in Sources */ = {isa = PBXBuildFile; fileRef = 485B2C272DC7872A00D4D091 /* LoginModel.swift */; };
		485B2C2D2DC78C2100D4D091 /* loadStarbucksGeoJSON.swift in Sources */ = {isa = PBXBuildFile; fileRef = 485B2C292DC78C2100D4D091 /* loadStarbucksGeoJSON.swift */; };
		485B2C2E2DC78C2100D4D091 /* LocationManager 2.swift in Sources */ = {isa = PBXBuildFile; fileRef = 485B2C2A2DC78C2100D4D091 /* LocationManager 2.swift */; };
		485B2C2F2DC78C2100D4D091 /* OrderViewModel.swift in Sources */ = {isa = PBXBuildFile; fileRef = 485B2C2B2DC78C2100D4D091 /* OrderViewModel.swift */; };
		485B2C362DC78C3700D4D091 /* SignupViewModel.swift in Sources */ = {isa = PBXBuildFile; fileRef = 485B2C352DC78C3700D4D091 /* SignupViewModel.swift */; };
		485B2C372DC78C3700D4D091 /* OtherReceiptViewModel.swift in Sources */ = {isa = PBXBuildFile; fileRef = 485B2C332DC78C3700D4D091 /* OtherReceiptViewModel.swift */; };
		485B2C382DC78C3700D4D091 /* HomeViewModel.swift in Sources */ = {isa = PBXBuildFile; fileRef = 485B2C312DC78C3700D4D091 /* HomeViewModel.swift */; };
		485B2C392DC78C3700D4D091 /* CameraPicker.swift in Sources */ = {isa = PBXBuildFile; fileRef = 485B2C302DC78C3700D4D091 /* CameraPicker.swift */; };
		485B2C3A2DC78C3700D4D091 /* LoginViewModel.swift in Sources */ = {isa = PBXBuildFile; fileRef = 485B2C322DC78C3700D4D091 /* LoginViewModel.swift */; };
		485B2C3B2DC78C3700D4D091 /* OtherViewModel.swift in Sources */ = {isa = PBXBuildFile; fileRef = 485B2C342DC78C3700D4D091 /* OtherViewModel.swift */; };
		485B2C602DC78C8E00D4D091 /* DateFormatter.swift in Sources */ = {isa = PBXBuildFile; fileRef = 485B2C5F2DC78C8E00D4D091 /* DateFormatter.swift */; };
		485B2C622DC78D4B00D4D091 /* ContentView.swift in Sources */ = {isa = PBXBuildFile; fileRef = 485B2C612DC78D4B00D4D091 /* ContentView.swift */; };
		485B2C642DC78D5700D4D091 /* StarbucksApp.swift in Sources */ = {isa = PBXBuildFile; fileRef = 485B2C632DC78D5700D4D091 /* StarbucksApp.swift */; };
		485B2C662DC78DC700D4D091 /* Assets.xcassets in Resources */ = {isa = PBXBuildFile; fileRef = 485B2C652DC78DC700D4D091 /* Assets.xcassets */; };
		485B2C682DC78DEB00D4D091 /* 스타벅스_2025 데이터.geojson in Resources */ = {isa = PBXBuildFile; fileRef = 485B2C672DC78DEB00D4D091 /* 스타벅스_2025 데이터.geojson */; };
		485B2C952DC78EF100D4D091 /* OrderMenuView.swift in Sources */ = {isa = PBXBuildFile; fileRef = 485B2C7D2DC78EF100D4D091 /* OrderMenuView.swift */; };
		485B2C962DC78EF100D4D091 /* SplashView.swift in Sources */ = {isa = PBXBuildFile; fileRef = 485B2C922DC78EF100D4D091 /* SplashView.swift */; };
		485B2C972DC78EF100D4D091 /* ChristmasAdvertise.swift in Sources */ = {isa = PBXBuildFile; fileRef = 485B2C8D2DC78EF100D4D091 /* ChristmasAdvertise.swift */; };
		485B2C982DC78EF100D4D091 /* HomeView.swift in Sources */ = {isa = PBXBuildFile; fileRef = 485B2C8F2DC78EF100D4D091 /* HomeView.swift */; };
		485B2C992DC78EF100D4D091 /* ShopNewProductsView.swift in Sources */ = {isa = PBXBuildFile; fileRef = 485B2C882DC78EF100D4D091 /* ShopNewProductsView.swift */; };
		485B2C9A2DC78EF100D4D091 /* MapView.swift in Sources */ = {isa = PBXBuildFile; fileRef = 485B2C792DC78EF100D4D091 /* MapView.swift */; };
		485B2C9B2DC78EF100D4D091 /* ReceiptCard.swift in Sources */ = {isa = PBXBuildFile; fileRef = 485B2C822DC78EF100D4D091 /* ReceiptCard.swift */; };
		485B2C9C2DC78EF100D4D091 /* StoreRowView.swift in Sources */ = {isa = PBXBuildFile; fileRef = 485B2C782DC78EF100D4D091 /* StoreRowView.swift */; };
		485B2C9D2DC78EF100D4D091 /* ColorHexExtend.swift in Sources */ = {isa = PBXBuildFile; fileRef = 485B2C8E2DC78EF100D4D091 /* ColorHexExtend.swift */; };
		485B2C9E2DC78EF100D4D091 /* LoginView.swift in Sources */ = {isa = PBXBuildFile; fileRef = 485B2C902DC78EF100D4D091 /* LoginView.swift */; };
		485B2C9F2DC78EF100D4D091 /* StoreSelectBar.swift in Sources */ = {isa = PBXBuildFile; fileRef = 485B2C752DC78EF100D4D091 /* StoreSelectBar.swift */; };
		485B2CA02DC78EF100D4D091 /* OrderTopTabView.swift in Sources */ = {isa = PBXBuildFile; fileRef = 485B2C712DC78EF100D4D091 /* OrderTopTabView.swift */; };
		485B2CA12DC78EF100D4D091 /* ShopView.swift in Sources */ = {isa = PBXBuildFile; fileRef = 485B2C892DC78EF100D4D091 /* ShopView.swift */; };
		485B2CA22DC78EF100D4D091 /* OrderTotalDrinkView.swift in Sources */ = {isa = PBXBuildFile; fileRef = 485B2C732DC78EF100D4D091 /* OrderTotalDrinkView.swift */; };
		485B2CA32DC78EF100D4D091 /* OrderTotalTabView.swift in Sources */ = {isa = PBXBuildFile; fileRef = 485B2C742DC78EF100D4D091 /* OrderTotalTabView.swift */; };
		485B2CA42DC78EF100D4D091 /* OrderTotalView.swift in Sources */ = {isa = PBXBuildFile; fileRef = 485B2C7B2DC78EF100D4D091 /* OrderTotalView.swift */; };
		485B2CA52DC78EF100D4D091 /* OtherReceiptView.swift in Sources */ = {isa = PBXBuildFile; fileRef = 485B2C812DC78EF100D4D091 /* OtherReceiptView.swift */; };
		485B2CA62DC78EF100D4D091 /* SquareProductCard.swift in Sources */ = {isa = PBXBuildFile; fileRef = 485B2C8B2DC78EF100D4D091 /* SquareProductCard.swift */; };
		485B2CA72DC78EF100D4D091 /* OtherReceiptsNav.swift in Sources */ = {isa = PBXBuildFile; fileRef = 485B2C802DC78EF100D4D091 /* OtherReceiptsNav.swift */; };
		485B2CA82DC78EF100D4D091 /* ShopAllProductsView.swift in Sources */ = {isa = PBXBuildFile; fileRef = 485B2C862DC78EF100D4D091 /* ShopAllProductsView.swift */; };
		485B2CA92DC78EF100D4D091 /* StoreSheetView.swift in Sources */ = {isa = PBXBuildFile; fileRef = 485B2C772DC78EF100D4D091 /* StoreSheetView.swift */; };
		485B2CAA2DC78EF100D4D091 /* SignupView.swift in Sources */ = {isa = PBXBuildFile; fileRef = 485B2C912DC78EF100D4D091 /* SignupView.swift */; };
		485B2CAB2DC78EF100D4D091 /* ShopWhatsNewBannersView.swift in Sources */ = {isa = PBXBuildFile; fileRef = 485B2C8A2DC78EF100D4D091 /* ShopWhatsNewBannersView.swift */; };
		485B2CAC2DC78EF100D4D091 /* OtherFindStoreView.swift in Sources */ = {isa = PBXBuildFile; fileRef = 485B2C7F2DC78EF100D4D091 /* OtherFindStoreView.swift */; };
		485B2CAD2DC78EF100D4D091 /* StarbucksTabView.swift in Sources */ = {isa = PBXBuildFile; fileRef = 485B2C932DC78EF100D4D091 /* StarbucksTabView.swift */; };
		485B2CAE2DC78EF100D4D091 /* ShopBestItemsView.swift in Sources */ = {isa = PBXBuildFile; fileRef = 485B2C872DC78EF100D4D091 /* ShopBestItemsView.swift */; };
		485B2CAF2DC78EF100D4D091 /* OtherView.swift in Sources */ = {isa = PBXBuildFile; fileRef = 485B2C7E2DC78EF100D4D091 /* OtherView.swift */; };
		485B2CB02DC78EF100D4D091 /* ProductCard.swift in Sources */ = {isa = PBXBuildFile; fileRef = 485B2C852DC78EF100D4D091 /* ProductCard.swift */; };
		485B2CB22DC78F4B00D4D091 /* Fonts.swift in Sources */ = {isa = PBXBuildFile; fileRef = 485B2CB12DC78F4B00D4D091 /* Fonts.swift */; };
		744BC0B17F83442566392E82 /* Preview Assets.xcassets in Resources */ = {isa = PBXBuildFile; fileRef = 10FB388761ED65205402A26E /* Preview Assets.xcassets */; };
		848EC8B165D8C0CF0E0E9192 /* Pretendard-ExtraLight.otf in Resources */ = {isa = PBXBuildFile; fileRef = B69619BD81EF277E5269587C /* Pretendard-ExtraLight.otf */; };
		9E37E9A3C358A60CAC2938F6 /* TuistFonts+UMC8.swift in Sources */ = {isa = PBXBuildFile; fileRef = 08894A9AD3BF8364CCD5AAEB /* TuistFonts+UMC8.swift */; };
		A5BD7368EBFCB99FD0139A66 /* Pretendard-Medium.otf in Resources */ = {isa = PBXBuildFile; fileRef = DBD076DFD110763A1B79A6D2 /* Pretendard-Medium.otf */; };
		B68FA8FAC8A2A8056CA54FCB /* Pretendard-Light.otf in Resources */ = {isa = PBXBuildFile; fileRef = AD7C205CAFE6C3B7A1286046 /* Pretendard-Light.otf */; };
		BF71F4AB23BF734A570634DA /* Pretendard-Thin.otf in Resources */ = {isa = PBXBuildFile; fileRef = 75873427EA51E96F1FEF8997 /* Pretendard-Thin.otf */; };
		D35A5838502B9DA1596A2E40 /* Pretendard-Regular.otf in Resources */ = {isa = PBXBuildFile; fileRef = 796865CF2C23D46EA3396828 /* Pretendard-Regular.otf */; };
		DD024FAD219FD2DEE69A838D /* TuistAssets+UMC8.swift in Sources */ = {isa = PBXBuildFile; fileRef = 9F8CF45BF318101B27ED1A00 /* TuistAssets+UMC8.swift */; };
		E220783E000D2A312E586298 /* Pretendard-ExtraBold.otf in Resources */ = {isa = PBXBuildFile; fileRef = 0470A11521BC348053E09830 /* Pretendard-ExtraBold.otf */; };
		F57E4FB1389C840CDDAF943D /* SignupModel.swift in Sources */ = {isa = PBXBuildFile; fileRef = 43F7D74014AFAF368556A7E9 /* SignupModel.swift */; };
		F5B764E2DB46EF369153F404 /* UMC8Tests.swift in Sources */ = {isa = PBXBuildFile; fileRef = 144269A84AC927A30B4FB8DA /* UMC8Tests.swift */; };
/* End PBXBuildFile section */

/* Begin PBXContainerItemProxy section */
		3B3BB5139C07FE22A90120B6 /* PBXContainerItemProxy */ = {
			isa = PBXContainerItemProxy;
			containerPortal = B3D6DF885BD41A3D91588E8D /* Project object */;
			proxyType = 1;
			remoteGlobalIDString = D65570FAAC51790023181520;
			remoteInfo = UMC_8;
		};
/* End PBXContainerItemProxy section */

/* Begin PBXCopyFilesBuildPhase section */
		3548B4B9750D399489449586 /* Embed Frameworks */ = {
			isa = PBXCopyFilesBuildPhase;
			buildActionMask = 2147483647;
			dstPath = "";
			dstSubfolderSpec = 10;
			files = (
			);
			name = "Embed Frameworks";
			runOnlyForDeploymentPostprocessing = 0;
		};
		EDD1307C0603EF0361067AEB /* Embed Frameworks */ = {
			isa = PBXCopyFilesBuildPhase;
			buildActionMask = 2147483647;
			dstPath = "";
			dstSubfolderSpec = 10;
			files = (
			);
			name = "Embed Frameworks";
			runOnlyForDeploymentPostprocessing = 0;
		};
/* End PBXCopyFilesBuildPhase section */

/* Begin PBXFileReference section */
		0470A11521BC348053E09830 /* Pretendard-ExtraBold.otf */ = {isa = PBXFileReference; lastKnownFileType = file; path = "Pretendard-ExtraBold.otf"; sourceTree = "<group>"; };
		08894A9AD3BF8364CCD5AAEB /* TuistFonts+UMC8.swift */ = {isa = PBXFileReference; lastKnownFileType = sourcecode.swift; path = "TuistFonts+UMC8.swift"; sourceTree = "<group>"; };
		10FB388761ED65205402A26E /* Preview Assets.xcassets */ = {isa = PBXFileReference; lastKnownFileType = folder.assetcatalog; path = "Preview Assets.xcassets"; sourceTree = "<group>"; };
		144269A84AC927A30B4FB8DA /* UMC8Tests.swift */ = {isa = PBXFileReference; lastKnownFileType = sourcecode.swift; path = UMC8Tests.swift; sourceTree = "<group>"; };
		3AD873BD9EF3D87642D85088 /* UMC_8Tests-Info.plist */ = {isa = PBXFileReference; lastKnownFileType = text.plist; path = "UMC_8Tests-Info.plist"; sourceTree = "<group>"; };
		43F7D74014AFAF368556A7E9 /* SignupModel.swift */ = {isa = PBXFileReference; lastKnownFileType = sourcecode.swift; path = SignupModel.swift; sourceTree = "<group>"; };
		485B2C182DC785F000D4D091 /* OrderDrinkModel.swift */ = {isa = PBXFileReference; lastKnownFileType = sourcecode.swift; path = OrderDrinkModel.swift; sourceTree = "<group>"; };
		485B2C192DC785F000D4D091 /* StoreModel.swift */ = {isa = PBXFileReference; lastKnownFileType = sourcecode.swift; path = StoreModel.swift; sourceTree = "<group>"; };
		485B2C1D2DC7870B00D4D091 /* HomeModel.swift */ = {isa = PBXFileReference; lastKnownFileType = sourcecode.swift; path = HomeModel.swift; sourceTree = "<group>"; };
		485B2C1F2DC7870B00D4D091 /* OrderMenuModel.swift */ = {isa = PBXFileReference; lastKnownFileType = sourcecode.swift; path = OrderMenuModel.swift; sourceTree = "<group>"; };
		485B2C202DC7870B00D4D091 /* OtherReceiptModel.swift */ = {isa = PBXFileReference; lastKnownFileType = sourcecode.swift; path = OtherReceiptModel.swift; sourceTree = "<group>"; };
		485B2C272DC7872A00D4D091 /* LoginModel.swift */ = {isa = PBXFileReference; lastKnownFileType = sourcecode.swift; path = LoginModel.swift; sourceTree = "<group>"; };
		485B2C292DC78C2100D4D091 /* loadStarbucksGeoJSON.swift */ = {isa = PBXFileReference; lastKnownFileType = sourcecode.swift; path = loadStarbucksGeoJSON.swift; sourceTree = "<group>"; };
		485B2C2A2DC78C2100D4D091 /* LocationManager 2.swift */ = {isa = PBXFileReference; lastKnownFileType = sourcecode.swift; path = "LocationManager 2.swift"; sourceTree = "<group>"; };
		485B2C2B2DC78C2100D4D091 /* OrderViewModel.swift */ = {isa = PBXFileReference; lastKnownFileType = sourcecode.swift; path = OrderViewModel.swift; sourceTree = "<group>"; };
		485B2C302DC78C3700D4D091 /* CameraPicker.swift */ = {isa = PBXFileReference; lastKnownFileType = sourcecode.swift; path = CameraPicker.swift; sourceTree = "<group>"; };
		485B2C312DC78C3700D4D091 /* HomeViewModel.swift */ = {isa = PBXFileReference; lastKnownFileType = sourcecode.swift; path = HomeViewModel.swift; sourceTree = "<group>"; };
		485B2C322DC78C3700D4D091 /* LoginViewModel.swift */ = {isa = PBXFileReference; lastKnownFileType = sourcecode.swift; path = LoginViewModel.swift; sourceTree = "<group>"; };
		485B2C332DC78C3700D4D091 /* OtherReceiptViewModel.swift */ = {isa = PBXFileReference; lastKnownFileType = sourcecode.swift; path = OtherReceiptViewModel.swift; sourceTree = "<group>"; };
		485B2C342DC78C3700D4D091 /* OtherViewModel.swift */ = {isa = PBXFileReference; lastKnownFileType = sourcecode.swift; path = OtherViewModel.swift; sourceTree = "<group>"; };
		485B2C352DC78C3700D4D091 /* SignupViewModel.swift */ = {isa = PBXFileReference; lastKnownFileType = sourcecode.swift; path = SignupViewModel.swift; sourceTree = "<group>"; };
		485B2C5F2DC78C8E00D4D091 /* DateFormatter.swift */ = {isa = PBXFileReference; lastKnownFileType = sourcecode.swift; path = DateFormatter.swift; sourceTree = "<group>"; };
		485B2C612DC78D4B00D4D091 /* ContentView.swift */ = {isa = PBXFileReference; lastKnownFileType = sourcecode.swift; path = ContentView.swift; sourceTree = "<group>"; };
		485B2C632DC78D5700D4D091 /* StarbucksApp.swift */ = {isa = PBXFileReference; lastKnownFileType = sourcecode.swift; path = StarbucksApp.swift; sourceTree = "<group>"; };
		485B2C652DC78DC700D4D091 /* Assets.xcassets */ = {isa = PBXFileReference; lastKnownFileType = folder.assetcatalog; path = Assets.xcassets; sourceTree = "<group>"; };
		485B2C672DC78DEB00D4D091 /* 스타벅스_2025 데이터.geojson */ = {isa = PBXFileReference; lastKnownFileType = text; path = "스타벅스_2025 데이터.geojson"; sourceTree = "<group>"; };
		485B2C712DC78EF100D4D091 /* OrderTopTabView.swift */ = {isa = PBXFileReference; lastKnownFileType = sourcecode.swift; path = OrderTopTabView.swift; sourceTree = "<group>"; };
		485B2C732DC78EF100D4D091 /* OrderTotalDrinkView.swift */ = {isa = PBXFileReference; lastKnownFileType = sourcecode.swift; path = OrderTotalDrinkView.swift; sourceTree = "<group>"; };
		485B2C742DC78EF100D4D091 /* OrderTotalTabView.swift */ = {isa = PBXFileReference; lastKnownFileType = sourcecode.swift; path = OrderTotalTabView.swift; sourceTree = "<group>"; };
		485B2C752DC78EF100D4D091 /* StoreSelectBar.swift */ = {isa = PBXFileReference; lastKnownFileType = sourcecode.swift; path = StoreSelectBar.swift; sourceTree = "<group>"; };
		485B2C772DC78EF100D4D091 /* StoreSheetView.swift */ = {isa = PBXFileReference; lastKnownFileType = sourcecode.swift; path = StoreSheetView.swift; sourceTree = "<group>"; };
		485B2C782DC78EF100D4D091 /* StoreRowView.swift */ = {isa = PBXFileReference; lastKnownFileType = sourcecode.swift; path = StoreRowView.swift; sourceTree = "<group>"; };
		485B2C792DC78EF100D4D091 /* MapView.swift */ = {isa = PBXFileReference; lastKnownFileType = sourcecode.swift; path = MapView.swift; sourceTree = "<group>"; };
		485B2C7B2DC78EF100D4D091 /* OrderTotalView.swift */ = {isa = PBXFileReference; lastKnownFileType = sourcecode.swift; path = OrderTotalView.swift; sourceTree = "<group>"; };
		485B2C7D2DC78EF100D4D091 /* OrderMenuView.swift */ = {isa = PBXFileReference; lastKnownFileType = sourcecode.swift; path = OrderMenuView.swift; sourceTree = "<group>"; };
		485B2C7E2DC78EF100D4D091 /* OtherView.swift */ = {isa = PBXFileReference; lastKnownFileType = sourcecode.swift; path = OtherView.swift; sourceTree = "<group>"; };
		485B2C7F2DC78EF100D4D091 /* OtherFindStoreView.swift */ = {isa = PBXFileReference; lastKnownFileType = sourcecode.swift; path = OtherFindStoreView.swift; sourceTree = "<group>"; };
		485B2C802DC78EF100D4D091 /* OtherReceiptsNav.swift */ = {isa = PBXFileReference; lastKnownFileType = sourcecode.swift; path = OtherReceiptsNav.swift; sourceTree = "<group>"; };
		485B2C812DC78EF100D4D091 /* OtherReceiptView.swift */ = {isa = PBXFileReference; lastKnownFileType = sourcecode.swift; path = OtherReceiptView.swift; sourceTree = "<group>"; };
		485B2C822DC78EF100D4D091 /* ReceiptCard.swift */ = {isa = PBXFileReference; lastKnownFileType = sourcecode.swift; path = ReceiptCard.swift; sourceTree = "<group>"; };
		485B2C852DC78EF100D4D091 /* ProductCard.swift */ = {isa = PBXFileReference; lastKnownFileType = sourcecode.swift; path = ProductCard.swift; sourceTree = "<group>"; };
		485B2C862DC78EF100D4D091 /* ShopAllProductsView.swift */ = {isa = PBXFileReference; lastKnownFileType = sourcecode.swift; path = ShopAllProductsView.swift; sourceTree = "<group>"; };
		485B2C872DC78EF100D4D091 /* ShopBestItemsView.swift */ = {isa = PBXFileReference; lastKnownFileType = sourcecode.swift; path = ShopBestItemsView.swift; sourceTree = "<group>"; };
		485B2C882DC78EF100D4D091 /* ShopNewProductsView.swift */ = {isa = PBXFileReference; lastKnownFileType = sourcecode.swift; path = ShopNewProductsView.swift; sourceTree = "<group>"; };
		485B2C892DC78EF100D4D091 /* ShopView.swift */ = {isa = PBXFileReference; lastKnownFileType = sourcecode.swift; path = ShopView.swift; sourceTree = "<group>"; };
		485B2C8A2DC78EF100D4D091 /* ShopWhatsNewBannersView.swift */ = {isa = PBXFileReference; lastKnownFileType = sourcecode.swift; path = ShopWhatsNewBannersView.swift; sourceTree = "<group>"; };
		485B2C8B2DC78EF100D4D091 /* SquareProductCard.swift */ = {isa = PBXFileReference; lastKnownFileType = sourcecode.swift; path = SquareProductCard.swift; sourceTree = "<group>"; };
		485B2C8D2DC78EF100D4D091 /* ChristmasAdvertise.swift */ = {isa = PBXFileReference; lastKnownFileType = sourcecode.swift; path = ChristmasAdvertise.swift; sourceTree = "<group>"; };
		485B2C8E2DC78EF100D4D091 /* ColorHexExtend.swift */ = {isa = PBXFileReference; lastKnownFileType = sourcecode.swift; path = ColorHexExtend.swift; sourceTree = "<group>"; };
		485B2C8F2DC78EF100D4D091 /* HomeView.swift */ = {isa = PBXFileReference; lastKnownFileType = sourcecode.swift; path = HomeView.swift; sourceTree = "<group>"; };
		485B2C902DC78EF100D4D091 /* LoginView.swift */ = {isa = PBXFileReference; lastKnownFileType = sourcecode.swift; path = LoginView.swift; sourceTree = "<group>"; };
		485B2C912DC78EF100D4D091 /* SignupView.swift */ = {isa = PBXFileReference; lastKnownFileType = sourcecode.swift; path = SignupView.swift; sourceTree = "<group>"; };
		485B2C922DC78EF100D4D091 /* SplashView.swift */ = {isa = PBXFileReference; lastKnownFileType = sourcecode.swift; path = SplashView.swift; sourceTree = "<group>"; };
		485B2C932DC78EF100D4D091 /* StarbucksTabView.swift */ = {isa = PBXFileReference; lastKnownFileType = sourcecode.swift; path = StarbucksTabView.swift; sourceTree = "<group>"; };
		485B2CB12DC78F4B00D4D091 /* Fonts.swift */ = {isa = PBXFileReference; lastKnownFileType = sourcecode.swift; path = Fonts.swift; sourceTree = "<group>"; };
		6934C499E69592A9D6DAC02C /* Pretendard-Black.otf */ = {isa = PBXFileReference; lastKnownFileType = file; path = "Pretendard-Black.otf"; sourceTree = "<group>"; };
		75873427EA51E96F1FEF8997 /* Pretendard-Thin.otf */ = {isa = PBXFileReference; lastKnownFileType = file; path = "Pretendard-Thin.otf"; sourceTree = "<group>"; };
		796865CF2C23D46EA3396828 /* Pretendard-Regular.otf */ = {isa = PBXFileReference; lastKnownFileType = file; path = "Pretendard-Regular.otf"; sourceTree = "<group>"; };
		7BA7466DF2E1792B09EFCF47 /* Pretendard-SemiBold.otf */ = {isa = PBXFileReference; lastKnownFileType = file; path = "Pretendard-SemiBold.otf"; sourceTree = "<group>"; };
		9F8CF45BF318101B27ED1A00 /* TuistAssets+UMC8.swift */ = {isa = PBXFileReference; lastKnownFileType = sourcecode.swift; path = "TuistAssets+UMC8.swift"; sourceTree = "<group>"; };
		A7D00782BBC6F12AE3F1040A /* TuistBundle+UMC8.swift */ = {isa = PBXFileReference; lastKnownFileType = sourcecode.swift; path = "TuistBundle+UMC8.swift"; sourceTree = "<group>"; };
		AD7C205CAFE6C3B7A1286046 /* Pretendard-Light.otf */ = {isa = PBXFileReference; lastKnownFileType = file; path = "Pretendard-Light.otf"; sourceTree = "<group>"; };
		B69619BD81EF277E5269587C /* Pretendard-ExtraLight.otf */ = {isa = PBXFileReference; lastKnownFileType = file; path = "Pretendard-ExtraLight.otf"; sourceTree = "<group>"; };
		C0767E9DE92EB64ADC3E3BB3 /* UMC8App.swift */ = {isa = PBXFileReference; lastKnownFileType = sourcecode.swift; path = UMC8App.swift; sourceTree = "<group>"; };
		D16E90787273ADA4C2AFE860 /* Pretendard-Bold.otf */ = {isa = PBXFileReference; lastKnownFileType = file; path = "Pretendard-Bold.otf"; sourceTree = "<group>"; };
		DBD076DFD110763A1B79A6D2 /* Pretendard-Medium.otf */ = {isa = PBXFileReference; lastKnownFileType = file; path = "Pretendard-Medium.otf"; sourceTree = "<group>"; };
		E46B452430380DA11C7729DE /* UMC_8Tests.xctest */ = {isa = PBXFileReference; explicitFileType = wrapper.cfbundle; includeInIndex = 0; path = UMC_8Tests.xctest; sourceTree = BUILT_PRODUCTS_DIR; };
		EF2A298D0E188C33642DDE29 /* UMC_8.app */ = {isa = PBXFileReference; explicitFileType = wrapper.application; includeInIndex = 0; path = UMC_8.app; sourceTree = BUILT_PRODUCTS_DIR; };
		F38ACD18C0BD967730A9F0BE /* UMC_8-Info.plist */ = {isa = PBXFileReference; lastKnownFileType = text.plist; path = "UMC_8-Info.plist"; sourceTree = "<group>"; };
		F770DAC1103416B1417C91AF /* Color 2.xcassets */ = {isa = PBXFileReference; lastKnownFileType = folder.assetcatalog; path = "Color 2.xcassets"; sourceTree = "<group>"; };
/* End PBXFileReference section */

/* Begin PBXFrameworksBuildPhase section */
		445D624252637A8C2B0CEB85 /* Frameworks */ = {
			isa = PBXFrameworksBuildPhase;
			buildActionMask = 2147483647;
			files = (
			);
			runOnlyForDeploymentPostprocessing = 0;
		};
		491CF75AC9E259279746FD45 /* Frameworks */ = {
			isa = PBXFrameworksBuildPhase;
			buildActionMask = 2147483647;
			files = (
			);
			runOnlyForDeploymentPostprocessing = 0;
		};
/* End PBXFrameworksBuildPhase section */

/* Begin PBXGroup section */
		170EE2A0E9B63C3876371F50 /* InfoPlists */ = {
			isa = PBXGroup;
			children = (
				F38ACD18C0BD967730A9F0BE /* UMC_8-Info.plist */,
				3AD873BD9EF3D87642D85088 /* UMC_8Tests-Info.plist */,
			);
			path = InfoPlists;
			sourceTree = "<group>";
		};
		25649C6F5C8700DF58EB00F4 /* VIewModels */ = {
			isa = PBXGroup;
			children = (
				485B2C302DC78C3700D4D091 /* CameraPicker.swift */,
				485B2C312DC78C3700D4D091 /* HomeViewModel.swift */,
				485B2C322DC78C3700D4D091 /* LoginViewModel.swift */,
				485B2C332DC78C3700D4D091 /* OtherReceiptViewModel.swift */,
				485B2C342DC78C3700D4D091 /* OtherViewModel.swift */,
				485B2C352DC78C3700D4D091 /* SignupViewModel.swift */,
				485B2C2C2DC78C2100D4D091 /* Order */,
			);
			path = VIewModels;
			sourceTree = "<group>";
		};
		3EE959CA5833B824407A9CDF /* Tests */ = {
			isa = PBXGroup;
			children = (
				144269A84AC927A30B4FB8DA /* UMC8Tests.swift */,
			);
			path = Tests;
			sourceTree = "<group>";
		};
		485B2C1A2DC785F000D4D091 /* OrderModel */ = {
			isa = PBXGroup;
			children = (
				485B2C182DC785F000D4D091 /* OrderDrinkModel.swift */,
				485B2C192DC785F000D4D091 /* StoreModel.swift */,
			);
			path = OrderModel;
			sourceTree = "<group>";
		};
		485B2C2C2DC78C2100D4D091 /* Order */ = {
			isa = PBXGroup;
			children = (
				485B2C292DC78C2100D4D091 /* loadStarbucksGeoJSON.swift */,
				485B2C2A2DC78C2100D4D091 /* LocationManager 2.swift */,
				485B2C2B2DC78C2100D4D091 /* OrderViewModel.swift */,
			);
			path = Order;
			sourceTree = "<group>";
		};
		485B2C722DC78EF100D4D091 /* OrderTopTab */ = {
			isa = PBXGroup;
			children = (
				485B2C712DC78EF100D4D091 /* OrderTopTabView.swift */,
			);
			path = OrderTopTab;
			sourceTree = "<group>";
		};
		485B2C762DC78EF100D4D091 /* OrderTotal */ = {
			isa = PBXGroup;
			children = (
				485B2C732DC78EF100D4D091 /* OrderTotalDrinkView.swift */,
				485B2C742DC78EF100D4D091 /* OrderTotalTabView.swift */,
				485B2C752DC78EF100D4D091 /* StoreSelectBar.swift */,
			);
			path = OrderTotal;
			sourceTree = "<group>";
		};
		485B2C7A2DC78EF100D4D091 /* StoreSheet */ = {
			isa = PBXGroup;
			children = (
				485B2C772DC78EF100D4D091 /* StoreSheetView.swift */,
				485B2C782DC78EF100D4D091 /* StoreRowView.swift */,
				485B2C792DC78EF100D4D091 /* MapView.swift */,
			);
			path = StoreSheet;
			sourceTree = "<group>";
		};
		485B2C7C2DC78EF100D4D091 /* OrderView */ = {
			isa = PBXGroup;
			children = (
				485B2C722DC78EF100D4D091 /* OrderTopTab */,
				485B2C762DC78EF100D4D091 /* OrderTotal */,
				485B2C7A2DC78EF100D4D091 /* StoreSheet */,
				485B2C7B2DC78EF100D4D091 /* OrderTotalView.swift */,
			);
			path = OrderView;
			sourceTree = "<group>";
		};
		485B2C832DC78EF100D4D091 /* OtherReceiptView */ = {
			isa = PBXGroup;
			children = (
				485B2C802DC78EF100D4D091 /* OtherReceiptsNav.swift */,
				485B2C812DC78EF100D4D091 /* OtherReceiptView.swift */,
				485B2C822DC78EF100D4D091 /* ReceiptCard.swift */,
			);
			path = OtherReceiptView;
			sourceTree = "<group>";
		};
		485B2C842DC78EF100D4D091 /* OtherView */ = {
			isa = PBXGroup;
			children = (
				485B2C7D2DC78EF100D4D091 /* OrderMenuView.swift */,
				485B2C7E2DC78EF100D4D091 /* OtherView.swift */,
				485B2C7F2DC78EF100D4D091 /* OtherFindStoreView.swift */,
				485B2C832DC78EF100D4D091 /* OtherReceiptView */,
			);
			path = OtherView;
			sourceTree = "<group>";
		};
		485B2C8C2DC78EF100D4D091 /* ShopView */ = {
			isa = PBXGroup;
			children = (
				485B2C852DC78EF100D4D091 /* ProductCard.swift */,
				485B2C862DC78EF100D4D091 /* ShopAllProductsView.swift */,
				485B2C872DC78EF100D4D091 /* ShopBestItemsView.swift */,
				485B2C882DC78EF100D4D091 /* ShopNewProductsView.swift */,
				485B2C892DC78EF100D4D091 /* ShopView.swift */,
				485B2C8A2DC78EF100D4D091 /* ShopWhatsNewBannersView.swift */,
				485B2C8B2DC78EF100D4D091 /* SquareProductCard.swift */,
			);
			path = ShopView;
			sourceTree = "<group>";
		};
		485B2C942DC78EF100D4D091 /* View */ = {
			isa = PBXGroup;
			children = (
				485B2C7C2DC78EF100D4D091 /* OrderView */,
				485B2C842DC78EF100D4D091 /* OtherView */,
				485B2C8C2DC78EF100D4D091 /* ShopView */,
				485B2C8D2DC78EF100D4D091 /* ChristmasAdvertise.swift */,
				485B2C8E2DC78EF100D4D091 /* ColorHexExtend.swift */,
				485B2C8F2DC78EF100D4D091 /* HomeView.swift */,
				485B2C902DC78EF100D4D091 /* LoginView.swift */,
				485B2C912DC78EF100D4D091 /* SignupView.swift */,
				485B2C922DC78EF100D4D091 /* SplashView.swift */,
				485B2C932DC78EF100D4D091 /* StarbucksTabView.swift */,
			);
			path = View;
			sourceTree = "<group>";
		};
		86C892DFCDB025D69780C6A4 /* Preview Content */ = {
			isa = PBXGroup;
			children = (
				F770DAC1103416B1417C91AF /* Color 2.xcassets */,
				485B2C672DC78DEB00D4D091 /* 스타벅스_2025 데이터.geojson */,
				10FB388761ED65205402A26E /* Preview Assets.xcassets */,
			);
			path = "Preview Content";
			sourceTree = "<group>";
		};
		880555B6C6C739D2D01CEF25 /* Derived */ = {
			isa = PBXGroup;
			children = (
				170EE2A0E9B63C3876371F50 /* InfoPlists */,
				D6174981A2B454AA44AAD03C /* Sources */,
			);
			path = Derived;
			sourceTree = "<group>";
		};
		9712B56B253F6979BA79F2EA = {
			isa = PBXGroup;
			children = (
				BE9CA1FDE20B3CBF6C669198 /* Project */,
				C383E53BE937B0E8165990CC /* Products */,
			);
			sourceTree = "<group>";
		};
		BE9CA1FDE20B3CBF6C669198 /* Project */ = {
			isa = PBXGroup;
			children = (
				880555B6C6C739D2D01CEF25 /* Derived */,
				F48D4F766FC243628FE66A28 /* UMC_8 */,
			);
			name = Project;
			sourceTree = "<group>";
		};
		C383E53BE937B0E8165990CC /* Products */ = {
			isa = PBXGroup;
			children = (
				EF2A298D0E188C33642DDE29 /* UMC_8.app */,
				E46B452430380DA11C7729DE /* UMC_8Tests.xctest */,
			);
			name = Products;
			sourceTree = "<group>";
		};
		C3C71B49CABB4FD234253629 /* Models */ = {
			isa = PBXGroup;
			children = (
				485B2C1A2DC785F000D4D091 /* OrderModel */,
				43F7D74014AFAF368556A7E9 /* SignupModel.swift */,
				485B2C1F2DC7870B00D4D091 /* OrderMenuModel.swift */,
				485B2C202DC7870B00D4D091 /* OtherReceiptModel.swift */,
				485B2C1D2DC7870B00D4D091 /* HomeModel.swift */,
				485B2C272DC7872A00D4D091 /* LoginModel.swift */,
			);
			path = Models;
			sourceTree = "<group>";
		};
		C4C521DFE39198A757DC1745 /* Fonts */ = {
			isa = PBXGroup;
			children = (
				6934C499E69592A9D6DAC02C /* Pretendard-Black.otf */,
				D16E90787273ADA4C2AFE860 /* Pretendard-Bold.otf */,
				0470A11521BC348053E09830 /* Pretendard-ExtraBold.otf */,
				B69619BD81EF277E5269587C /* Pretendard-ExtraLight.otf */,
				AD7C205CAFE6C3B7A1286046 /* Pretendard-Light.otf */,
				DBD076DFD110763A1B79A6D2 /* Pretendard-Medium.otf */,
				796865CF2C23D46EA3396828 /* Pretendard-Regular.otf */,
				7BA7466DF2E1792B09EFCF47 /* Pretendard-SemiBold.otf */,
				75873427EA51E96F1FEF8997 /* Pretendard-Thin.otf */,
			);
			path = Fonts;
			sourceTree = "<group>";
		};
		C9FDD62165D4F2F6D1DA1874 /* Sources */ = {
			isa = PBXGroup;
			children = (
				485B2C942DC78EF100D4D091 /* View */,
				C3C71B49CABB4FD234253629 /* Models */,
				25649C6F5C8700DF58EB00F4 /* VIewModels */,
				485B2C612DC78D4B00D4D091 /* ContentView.swift */,
				485B2CB12DC78F4B00D4D091 /* Fonts.swift */,
				485B2C5F2DC78C8E00D4D091 /* DateFormatter.swift */,
				C0767E9DE92EB64ADC3E3BB3 /* UMC8App.swift */,
				485B2C632DC78D5700D4D091 /* StarbucksApp.swift */,
			);
			path = Sources;
			sourceTree = "<group>";
		};
		D1236BBB6DC0F44595CA2013 /* Resources */ = {
			isa = PBXGroup;
			children = (
				485B2C652DC78DC700D4D091 /* Assets.xcassets */,
				C4C521DFE39198A757DC1745 /* Fonts */,
				86C892DFCDB025D69780C6A4 /* Preview Content */,
			);
			path = Resources;
			sourceTree = "<group>";
		};
		D6174981A2B454AA44AAD03C /* Sources */ = {
			isa = PBXGroup;
			children = (
				9F8CF45BF318101B27ED1A00 /* TuistAssets+UMC8.swift */,
				A7D00782BBC6F12AE3F1040A /* TuistBundle+UMC8.swift */,
				08894A9AD3BF8364CCD5AAEB /* TuistFonts+UMC8.swift */,
			);
			path = Sources;
			sourceTree = "<group>";
		};
		F48D4F766FC243628FE66A28 /* UMC_8 */ = {
			isa = PBXGroup;
			children = (
				D1236BBB6DC0F44595CA2013 /* Resources */,
				C9FDD62165D4F2F6D1DA1874 /* Sources */,
				3EE959CA5833B824407A9CDF /* Tests */,
			);
			path = UMC_8;
			sourceTree = "<group>";
		};
/* End PBXGroup section */

/* Begin PBXNativeTarget section */
		2DF730AD1A4146C24D5D1E3B /* UMC_8Tests */ = {
			isa = PBXNativeTarget;
			buildConfigurationList = 44D42E7083142DDD11D7427C /* Build configuration list for PBXNativeTarget "UMC_8Tests" */;
			buildPhases = (
				5689821B6DA723C6EB35670D /* Sources */,
				3C137E7CCD29DDF9506A27AF /* Resources */,
				445D624252637A8C2B0CEB85 /* Frameworks */,
				3548B4B9750D399489449586 /* Embed Frameworks */,
			);
			buildRules = (
			);
			dependencies = (
				DE03F122592C1706646CA8D8 /* PBXTargetDependency */,
			);
			name = UMC_8Tests;
			packageProductDependencies = (
			);
			productName = UMC_8Tests;
			productReference = E46B452430380DA11C7729DE /* UMC_8Tests.xctest */;
			productType = "com.apple.product-type.bundle.unit-test";
		};
		D65570FAAC51790023181520 /* UMC_8 */ = {
			isa = PBXNativeTarget;
			buildConfigurationList = C48CB8EDF7C0D58B0D69FD7C /* Build configuration list for PBXNativeTarget "UMC_8" */;
			buildPhases = (
				AB48A1F720898718C177705F /* Sources */,
				64B818B03DBD6AB45A68D1BB /* Resources */,
				491CF75AC9E259279746FD45 /* Frameworks */,
				EDD1307C0603EF0361067AEB /* Embed Frameworks */,
			);
			buildRules = (
			);
			dependencies = (
			);
			name = UMC_8;
			packageProductDependencies = (
			);
			productName = UMC_8;
			productReference = EF2A298D0E188C33642DDE29 /* UMC_8.app */;
			productType = "com.apple.product-type.application";
		};
/* End PBXNativeTarget section */

/* Begin PBXProject section */
		B3D6DF885BD41A3D91588E8D /* Project object */ = {
			isa = PBXProject;
			attributes = {
				BuildIndependentTargetsInParallel = YES;
				TargetAttributes = {
					2DF730AD1A4146C24D5D1E3B = {
						TestTargetID = D65570FAAC51790023181520;
					};
				};
			};
			buildConfigurationList = 0E091CC81C154BE0D040F3D2 /* Build configuration list for PBXProject "UMC_8" */;
			compatibilityVersion = "Xcode 14.0";
			developmentRegion = en;
			hasScannedForEncodings = 0;
			knownRegions = (
				Base,
				en,
			);
			mainGroup = 9712B56B253F6979BA79F2EA;
			productRefGroup = C383E53BE937B0E8165990CC /* Products */;
			projectDirPath = "";
			projectRoot = "";
			targets = (
				D65570FAAC51790023181520 /* UMC_8 */,
				2DF730AD1A4146C24D5D1E3B /* UMC_8Tests */,
			);
		};
/* End PBXProject section */

/* Begin PBXResourcesBuildPhase section */
		3C137E7CCD29DDF9506A27AF /* Resources */ = {
			isa = PBXResourcesBuildPhase;
			buildActionMask = 2147483647;
			files = (
			);
			runOnlyForDeploymentPostprocessing = 0;
		};
		64B818B03DBD6AB45A68D1BB /* Resources */ = {
			isa = PBXResourcesBuildPhase;
			buildActionMask = 2147483647;
			files = (
				436091986A5A4A95FE94D22E /* Pretendard-Black.otf in Resources */,
				026835FAB9817B9A8B6C4A62 /* Pretendard-Bold.otf in Resources */,
				E220783E000D2A312E586298 /* Pretendard-ExtraBold.otf in Resources */,
				848EC8B165D8C0CF0E0E9192 /* Pretendard-ExtraLight.otf in Resources */,
				B68FA8FAC8A2A8056CA54FCB /* Pretendard-Light.otf in Resources */,
				A5BD7368EBFCB99FD0139A66 /* Pretendard-Medium.otf in Resources */,
				D35A5838502B9DA1596A2E40 /* Pretendard-Regular.otf in Resources */,
				485B2C682DC78DEB00D4D091 /* 스타벅스_2025 데이터.geojson in Resources */,
				03FDCDB4659965BD7E829608 /* Pretendard-SemiBold.otf in Resources */,
				BF71F4AB23BF734A570634DA /* Pretendard-Thin.otf in Resources */,
				27DC8F7023D2669BDEEEEF7F /* Color 2.xcassets in Resources */,
				485B2C662DC78DC700D4D091 /* Assets.xcassets in Resources */,
				744BC0B17F83442566392E82 /* Preview Assets.xcassets in Resources */,
			);
			runOnlyForDeploymentPostprocessing = 0;
		};
/* End PBXResourcesBuildPhase section */

/* Begin PBXSourcesBuildPhase section */
		5689821B6DA723C6EB35670D /* Sources */ = {
			isa = PBXSourcesBuildPhase;
			buildActionMask = 2147483647;
			files = (
				F5B764E2DB46EF369153F404 /* UMC8Tests.swift in Sources */,
			);
			runOnlyForDeploymentPostprocessing = 0;
		};
		AB48A1F720898718C177705F /* Sources */ = {
			isa = PBXSourcesBuildPhase;
			buildActionMask = 2147483647;
			files = (
				485B2C362DC78C3700D4D091 /* SignupViewModel.swift in Sources */,
				485B2C372DC78C3700D4D091 /* OtherReceiptViewModel.swift in Sources */,
				485B2C642DC78D5700D4D091 /* StarbucksApp.swift in Sources */,
				485B2C382DC78C3700D4D091 /* HomeViewModel.swift in Sources */,
				485B2C392DC78C3700D4D091 /* CameraPicker.swift in Sources */,
				485B2C3A2DC78C3700D4D091 /* LoginViewModel.swift in Sources */,
				485B2C3B2DC78C3700D4D091 /* OtherViewModel.swift in Sources */,
				485B2C222DC7870B00D4D091 /* OrderMenuModel.swift in Sources */,
				485B2C232DC7870B00D4D091 /* HomeModel.swift in Sources */,
				485B2C622DC78D4B00D4D091 /* ContentView.swift in Sources */,
				485B2C262DC7870B00D4D091 /* OtherReceiptModel.swift in Sources */,
				DD024FAD219FD2DEE69A838D /* TuistAssets+UMC8.swift in Sources */,
				485B2C952DC78EF100D4D091 /* OrderMenuView.swift in Sources */,
				485B2C962DC78EF100D4D091 /* SplashView.swift in Sources */,
				485B2C972DC78EF100D4D091 /* ChristmasAdvertise.swift in Sources */,
				485B2C982DC78EF100D4D091 /* HomeView.swift in Sources */,
				485B2C992DC78EF100D4D091 /* ShopNewProductsView.swift in Sources */,
				485B2C9A2DC78EF100D4D091 /* MapView.swift in Sources */,
				485B2C9B2DC78EF100D4D091 /* ReceiptCard.swift in Sources */,
				485B2C9C2DC78EF100D4D091 /* StoreRowView.swift in Sources */,
				485B2C9D2DC78EF100D4D091 /* ColorHexExtend.swift in Sources */,
				485B2C9E2DC78EF100D4D091 /* LoginView.swift in Sources */,
				485B2C9F2DC78EF100D4D091 /* StoreSelectBar.swift in Sources */,
				485B2CA02DC78EF100D4D091 /* OrderTopTabView.swift in Sources */,
				485B2CA12DC78EF100D4D091 /* ShopView.swift in Sources */,
				485B2CA22DC78EF100D4D091 /* OrderTotalDrinkView.swift in Sources */,
				485B2CA32DC78EF100D4D091 /* OrderTotalTabView.swift in Sources */,
				485B2CA42DC78EF100D4D091 /* OrderTotalView.swift in Sources */,
				485B2CB22DC78F4B00D4D091 /* Fonts.swift in Sources */,
				485B2CA52DC78EF100D4D091 /* OtherReceiptView.swift in Sources */,
				485B2CA62DC78EF100D4D091 /* SquareProductCard.swift in Sources */,
				485B2CA72DC78EF100D4D091 /* OtherReceiptsNav.swift in Sources */,
				485B2CA82DC78EF100D4D091 /* ShopAllProductsView.swift in Sources */,
				485B2CA92DC78EF100D4D091 /* StoreSheetView.swift in Sources */,
				485B2CAA2DC78EF100D4D091 /* SignupView.swift in Sources */,
				485B2CAB2DC78EF100D4D091 /* ShopWhatsNewBannersView.swift in Sources */,
				485B2CAC2DC78EF100D4D091 /* OtherFindStoreView.swift in Sources */,
				485B2CAD2DC78EF100D4D091 /* StarbucksTabView.swift in Sources */,
				485B2CAE2DC78EF100D4D091 /* ShopBestItemsView.swift in Sources */,
				485B2CAF2DC78EF100D4D091 /* OtherView.swift in Sources */,
				485B2CB02DC78EF100D4D091 /* ProductCard.swift in Sources */,
				07BC34414492171753BCC4E1 /* TuistBundle+UMC8.swift in Sources */,
				9E37E9A3C358A60CAC2938F6 /* TuistFonts+UMC8.swift in Sources */,
				F57E4FB1389C840CDDAF943D /* SignupModel.swift in Sources */,
				485B2C1B2DC785F000D4D091 /* OrderDrinkModel.swift in Sources */,
				485B2C1C2DC785F000D4D091 /* StoreModel.swift in Sources */,
				1D9227B7A8C9FDED8BB1234F /* UMC8App.swift in Sources */,
				485B2C602DC78C8E00D4D091 /* DateFormatter.swift in Sources */,
				485B2C282DC7872A00D4D091 /* LoginModel.swift in Sources */,
				485B2C2D2DC78C2100D4D091 /* loadStarbucksGeoJSON.swift in Sources */,
				485B2C2E2DC78C2100D4D091 /* LocationManager 2.swift in Sources */,
				485B2C2F2DC78C2100D4D091 /* OrderViewModel.swift in Sources */,
			);
			runOnlyForDeploymentPostprocessing = 0;
		};
/* End PBXSourcesBuildPhase section */

/* Begin PBXTargetDependency section */
		DE03F122592C1706646CA8D8 /* PBXTargetDependency */ = {
			isa = PBXTargetDependency;
			name = UMC_8;
			target = D65570FAAC51790023181520 /* UMC_8 */;
			targetProxy = 3B3BB5139C07FE22A90120B6 /* PBXContainerItemProxy */;
		};
/* End PBXTargetDependency section */

/* Begin XCBuildConfiguration section */
		4555A3482566E70C9D1740E1 /* Debug */ = {
			isa = XCBuildConfiguration;
			buildSettings = {
				BUNDLE_LOADER = "$(TEST_HOST)";
				CODE_SIGN_IDENTITY = "iPhone Developer";
				INFOPLIST_FILE = "Derived/InfoPlists/UMC_8Tests-Info.plist";
				LD_RUNPATH_SEARCH_PATHS = (
					"$(inherited)",
					"@executable_path/Frameworks",
					"@loader_path/Frameworks",
				);
				PRODUCT_BUNDLE_IDENTIFIER = "io.tuist.UMC-8Tests";
				PRODUCT_NAME = UMC_8Tests;
				SDKROOT = iphoneos;
				SUPPORTS_MACCATALYST = NO;
				SUPPORTS_MAC_DESIGNED_FOR_IPHONE_IPAD = YES;
				SUPPORTS_XR_DESIGNED_FOR_IPHONE_IPAD = NO;
				SWIFT_ACTIVE_COMPILATION_CONDITIONS = "$(inherited) DEBUG";
				SWIFT_COMPILATION_MODE = singlefile;
				SWIFT_OPTIMIZATION_LEVEL = "-Onone";
				SWIFT_VERSION = 5.0;
				TARGETED_DEVICE_FAMILY = "1,2";
				TEST_HOST = "$(BUILT_PRODUCTS_DIR)/UMC_8.app/$(BUNDLE_EXECUTABLE_FOLDER_PATH)/UMC_8";
				TEST_TARGET_NAME = UMC_8;
			};
			name = Debug;
		};
		54E2CA4A47A5424D2BDB4163 /* Debug */ = {
			isa = XCBuildConfiguration;
			buildSettings = {
				ALWAYS_SEARCH_USER_PATHS = NO;
				CLANG_ANALYZER_LOCALIZABILITY_NONLOCALIZED = YES;
				CLANG_ANALYZER_NONNULL = YES;
				CLANG_ANALYZER_NUMBER_OBJECT_CONVERSION = YES_AGGRESSIVE;
				CLANG_CXX_LANGUAGE_STANDARD = "gnu++14";
				CLANG_CXX_LIBRARY = "libc++";
				CLANG_ENABLE_MODULES = YES;
				CLANG_ENABLE_OBJC_ARC = YES;
				CLANG_ENABLE_OBJC_WEAK = YES;
				CLANG_WARN_BLOCK_CAPTURE_AUTORELEASING = YES;
				CLANG_WARN_BOOL_CONVERSION = YES;
				CLANG_WARN_COMMA = YES;
				CLANG_WARN_CONSTANT_CONVERSION = YES;
				CLANG_WARN_DEPRECATED_OBJC_IMPLEMENTATIONS = YES;
				CLANG_WARN_DIRECT_OBJC_ISA_USAGE = YES_ERROR;
				CLANG_WARN_DOCUMENTATION_COMMENTS = YES;
				CLANG_WARN_EMPTY_BODY = YES;
				CLANG_WARN_ENUM_CONVERSION = YES;
				CLANG_WARN_INFINITE_RECURSION = YES;
				CLANG_WARN_INT_CONVERSION = YES;
				CLANG_WARN_NON_LITERAL_NULL_CONVERSION = YES;
				CLANG_WARN_OBJC_IMPLICIT_RETAIN_SELF = YES;
				CLANG_WARN_OBJC_LITERAL_CONVERSION = YES;
				CLANG_WARN_OBJC_ROOT_CLASS = YES_ERROR;
				CLANG_WARN_QUOTED_INCLUDE_IN_FRAMEWORK_HEADER = YES;
				CLANG_WARN_RANGE_LOOP_ANALYSIS = YES;
				CLANG_WARN_STRICT_PROTOTYPES = YES;
				CLANG_WARN_SUSPICIOUS_MOVE = YES;
				CLANG_WARN_UNGUARDED_AVAILABILITY = YES_AGGRESSIVE;
				CLANG_WARN_UNREACHABLE_CODE = YES;
				CLANG_WARN__DUPLICATE_METHOD_MATCH = YES;
				COPY_PHASE_STRIP = NO;
				DEAD_CODE_STRIPPING = YES;
				DEBUG_INFORMATION_FORMAT = dwarf;
				ENABLE_STRICT_OBJC_MSGSEND = YES;
				ENABLE_TESTABILITY = YES;
				GCC_C_LANGUAGE_STANDARD = gnu11;
				GCC_DYNAMIC_NO_PIC = NO;
				GCC_NO_COMMON_BLOCKS = YES;
				GCC_OPTIMIZATION_LEVEL = 0;
				GCC_PREPROCESSOR_DEFINITIONS = (
					"DEBUG=1",
					"$(inherited)",
				);
				GCC_WARN_64_TO_32_BIT_CONVERSION = YES;
				GCC_WARN_ABOUT_RETURN_TYPE = YES_ERROR;
				GCC_WARN_UNDECLARED_SELECTOR = YES;
				GCC_WARN_UNINITIALIZED_AUTOS = YES_AGGRESSIVE;
				GCC_WARN_UNUSED_FUNCTION = YES;
				GCC_WARN_UNUSED_VARIABLE = YES;
				MTL_ENABLE_DEBUG_INFO = YES;
				ONLY_ACTIVE_ARCH = YES;
				PRODUCT_NAME = "$(TARGET_NAME)";
			};
			name = Debug;
		};
		7337FCFF5F082100654E4BE1 /* Release */ = {
			isa = XCBuildConfiguration;
			buildSettings = {
				BUNDLE_LOADER = "$(TEST_HOST)";
				CODE_SIGN_IDENTITY = "iPhone Developer";
				INFOPLIST_FILE = "Derived/InfoPlists/UMC_8Tests-Info.plist";
				LD_RUNPATH_SEARCH_PATHS = (
					"$(inherited)",
					"@executable_path/Frameworks",
					"@loader_path/Frameworks",
				);
				PRODUCT_BUNDLE_IDENTIFIER = "io.tuist.UMC-8Tests";
				PRODUCT_NAME = UMC_8Tests;
				SDKROOT = iphoneos;
				SUPPORTS_MACCATALYST = NO;
				SUPPORTS_MAC_DESIGNED_FOR_IPHONE_IPAD = YES;
				SUPPORTS_XR_DESIGNED_FOR_IPHONE_IPAD = NO;
				SWIFT_COMPILATION_MODE = wholemodule;
				SWIFT_OPTIMIZATION_LEVEL = "-Owholemodule";
				SWIFT_VERSION = 5.0;
				TARGETED_DEVICE_FAMILY = "1,2";
				TEST_HOST = "$(BUILT_PRODUCTS_DIR)/UMC_8.app/$(BUNDLE_EXECUTABLE_FOLDER_PATH)/UMC_8";
				TEST_TARGET_NAME = UMC_8;
			};
			name = Release;
		};
		92680FC0D302E6ECC13E46A9 /* Release */ = {
			isa = XCBuildConfiguration;
			buildSettings = {
				ASSETCATALOG_COMPILER_APPICON_NAME = AppIcon;
				CODE_SIGN_IDENTITY = "iPhone Developer";
				ENABLE_PREVIEWS = YES;
				INFOPLIST_FILE = "Derived/InfoPlists/UMC_8-Info.plist";
				LD_RUNPATH_SEARCH_PATHS = (
					"$(inherited)",
					"@executable_path/Frameworks",
				);
				PRODUCT_BUNDLE_IDENTIFIER = "io.tuist.UMC-8";
				PRODUCT_NAME = UMC_8;
				SDKROOT = iphoneos;
				SUPPORTS_MACCATALYST = NO;
				SUPPORTS_MAC_DESIGNED_FOR_IPHONE_IPAD = YES;
				SUPPORTS_XR_DESIGNED_FOR_IPHONE_IPAD = NO;
				SWIFT_COMPILATION_MODE = wholemodule;
				SWIFT_OPTIMIZATION_LEVEL = "-Owholemodule";
				SWIFT_VERSION = 5.0;
				TARGETED_DEVICE_FAMILY = "1,2";
			};
			name = Release;
		};
		C64499D7661BF53D8D99FA9C /* Debug */ = {
			isa = XCBuildConfiguration;
			buildSettings = {
				ASSETCATALOG_COMPILER_APPICON_NAME = AppIcon;
				CODE_SIGN_IDENTITY = "iPhone Developer";
				ENABLE_PREVIEWS = YES;
				INFOPLIST_FILE = "Derived/InfoPlists/UMC_8-Info.plist";
				LD_RUNPATH_SEARCH_PATHS = (
					"$(inherited)",
					"@executable_path/Frameworks",
				);
				PRODUCT_BUNDLE_IDENTIFIER = "io.tuist.UMC-8";
				PRODUCT_NAME = UMC_8;
				SDKROOT = iphoneos;
				SUPPORTS_MACCATALYST = NO;
				SUPPORTS_MAC_DESIGNED_FOR_IPHONE_IPAD = YES;
				SUPPORTS_XR_DESIGNED_FOR_IPHONE_IPAD = NO;
				SWIFT_ACTIVE_COMPILATION_CONDITIONS = "$(inherited) DEBUG";
				SWIFT_COMPILATION_MODE = singlefile;
				SWIFT_OPTIMIZATION_LEVEL = "-Onone";
				SWIFT_VERSION = 5.0;
				TARGETED_DEVICE_FAMILY = "1,2";
			};
			name = Debug;
		};
		C6BF9B6E675773D5F75BF497 /* Release */ = {
			isa = XCBuildConfiguration;
			buildSettings = {
				ALWAYS_SEARCH_USER_PATHS = NO;
				CLANG_ANALYZER_LOCALIZABILITY_NONLOCALIZED = YES;
				CLANG_ANALYZER_NONNULL = YES;
				CLANG_ANALYZER_NUMBER_OBJECT_CONVERSION = YES_AGGRESSIVE;
				CLANG_CXX_LANGUAGE_STANDARD = "gnu++14";
				CLANG_CXX_LIBRARY = "libc++";
				CLANG_ENABLE_MODULES = YES;
				CLANG_ENABLE_OBJC_ARC = YES;
				CLANG_ENABLE_OBJC_WEAK = YES;
				CLANG_WARN_BLOCK_CAPTURE_AUTORELEASING = YES;
				CLANG_WARN_BOOL_CONVERSION = YES;
				CLANG_WARN_COMMA = YES;
				CLANG_WARN_CONSTANT_CONVERSION = YES;
				CLANG_WARN_DEPRECATED_OBJC_IMPLEMENTATIONS = YES;
				CLANG_WARN_DIRECT_OBJC_ISA_USAGE = YES_ERROR;
				CLANG_WARN_DOCUMENTATION_COMMENTS = YES;
				CLANG_WARN_EMPTY_BODY = YES;
				CLANG_WARN_ENUM_CONVERSION = YES;
				CLANG_WARN_INFINITE_RECURSION = YES;
				CLANG_WARN_INT_CONVERSION = YES;
				CLANG_WARN_NON_LITERAL_NULL_CONVERSION = YES;
				CLANG_WARN_OBJC_IMPLICIT_RETAIN_SELF = YES;
				CLANG_WARN_OBJC_LITERAL_CONVERSION = YES;
				CLANG_WARN_OBJC_ROOT_CLASS = YES_ERROR;
				CLANG_WARN_QUOTED_INCLUDE_IN_FRAMEWORK_HEADER = YES;
				CLANG_WARN_RANGE_LOOP_ANALYSIS = YES;
				CLANG_WARN_STRICT_PROTOTYPES = YES;
				CLANG_WARN_SUSPICIOUS_MOVE = YES;
				CLANG_WARN_UNGUARDED_AVAILABILITY = YES_AGGRESSIVE;
				CLANG_WARN_UNREACHABLE_CODE = YES;
				CLANG_WARN__DUPLICATE_METHOD_MATCH = YES;
				COPY_PHASE_STRIP = NO;
				DEAD_CODE_STRIPPING = YES;
				DEBUG_INFORMATION_FORMAT = "dwarf-with-dsym";
				ENABLE_NS_ASSERTIONS = NO;
				ENABLE_STRICT_OBJC_MSGSEND = YES;
				GCC_C_LANGUAGE_STANDARD = gnu11;
				GCC_NO_COMMON_BLOCKS = YES;
				GCC_WARN_64_TO_32_BIT_CONVERSION = YES;
				GCC_WARN_ABOUT_RETURN_TYPE = YES_ERROR;
				GCC_WARN_UNDECLARED_SELECTOR = YES;
				GCC_WARN_UNINITIALIZED_AUTOS = YES_AGGRESSIVE;
				GCC_WARN_UNUSED_FUNCTION = YES;
				GCC_WARN_UNUSED_VARIABLE = YES;
				MTL_ENABLE_DEBUG_INFO = NO;
				PRODUCT_NAME = "$(TARGET_NAME)";
				VALIDATE_PRODUCT = YES;
			};
			name = Release;
		};
/* End XCBuildConfiguration section */

/* Begin XCConfigurationList section */
		0E091CC81C154BE0D040F3D2 /* Build configuration list for PBXProject "UMC_8" */ = {
			isa = XCConfigurationList;
			buildConfigurations = (
				54E2CA4A47A5424D2BDB4163 /* Debug */,
				C6BF9B6E675773D5F75BF497 /* Release */,
			);
			defaultConfigurationIsVisible = 0;
			defaultConfigurationName = Release;
		};
		44D42E7083142DDD11D7427C /* Build configuration list for PBXNativeTarget "UMC_8Tests" */ = {
			isa = XCConfigurationList;
			buildConfigurations = (
				4555A3482566E70C9D1740E1 /* Debug */,
				7337FCFF5F082100654E4BE1 /* Release */,
			);
			defaultConfigurationIsVisible = 0;
			defaultConfigurationName = Release;
		};
		C48CB8EDF7C0D58B0D69FD7C /* Build configuration list for PBXNativeTarget "UMC_8" */ = {
			isa = XCConfigurationList;
			buildConfigurations = (
				C64499D7661BF53D8D99FA9C /* Debug */,
				92680FC0D302E6ECC13E46A9 /* Release */,
			);
			defaultConfigurationIsVisible = 0;
			defaultConfigurationName = Release;
		};
/* End XCConfigurationList section */
	};
	rootObject = B3D6DF885BD41A3D91588E8D /* Project object */;
}
